// !$*UTF8*$!
{
	archiveVersion = 1;
	classes = {
	};
	objectVersion = 55;
	objects = {

/* Begin PBXBuildFile section */
		9279C1EF28EF063300C0A266 /* AppDelegate.swift in Sources */ = {isa = PBXBuildFile; fileRef = 9279C1EE28EF063300C0A266 /* AppDelegate.swift */; };
		9279C1F128EF063300C0A266 /* SceneDelegate.swift in Sources */ = {isa = PBXBuildFile; fileRef = 9279C1F028EF063300C0A266 /* SceneDelegate.swift */; };
		9279C1F328EF063300C0A266 /* ViewController.swift in Sources */ = {isa = PBXBuildFile; fileRef = 9279C1F228EF063300C0A266 /* ViewController.swift */; };
		9279C1F628EF063300C0A266 /* Main.storyboard in Resources */ = {isa = PBXBuildFile; fileRef = 9279C1F428EF063300C0A266 /* Main.storyboard */; };
		9279C1F928EF063300C0A266 /* FizzBuzz.xcdatamodeld in Sources */ = {isa = PBXBuildFile; fileRef = 9279C1F728EF063300C0A266 /* FizzBuzz.xcdatamodeld */; };
		9279C1FB28EF063400C0A266 /* Assets.xcassets in Resources */ = {isa = PBXBuildFile; fileRef = 9279C1FA28EF063400C0A266 /* Assets.xcassets */; };
		9279C1FE28EF063400C0A266 /* LaunchScreen.storyboard in Resources */ = {isa = PBXBuildFile; fileRef = 9279C1FC28EF063400C0A266 /* LaunchScreen.storyboard */; };
		9279C20928EF063400C0A266 /* FizzBuzzTests.swift in Sources */ = {isa = PBXBuildFile; fileRef = 9279C20828EF063400C0A266 /* FizzBuzzTests.swift */; };
		9279C21328EF063400C0A266 /* FizzBuzzUITests.swift in Sources */ = {isa = PBXBuildFile; fileRef = 9279C21228EF063400C0A266 /* FizzBuzzUITests.swift */; };
		9279C21528EF063400C0A266 /* FizzBuzzUITestsLaunchTests.swift in Sources */ = {isa = PBXBuildFile; fileRef = 9279C21428EF063400C0A266 /* FizzBuzzUITestsLaunchTests.swift */; };
/* End PBXBuildFile section */

/* Begin PBXContainerItemProxy section */
		9279C20528EF063400C0A266 /* PBXContainerItemProxy */ = {
			isa = PBXContainerItemProxy;
			containerPortal = 9279C1E328EF063300C0A266 /* Project object */;
			proxyType = 1;
			remoteGlobalIDString = 9279C1EA28EF063300C0A266;
			remoteInfo = FizzBuzz;
		};
		9279C20F28EF063400C0A266 /* PBXContainerItemProxy */ = {
			isa = PBXContainerItemProxy;
			containerPortal = 9279C1E328EF063300C0A266 /* Project object */;
			proxyType = 1;
			remoteGlobalIDString = 9279C1EA28EF063300C0A266;
			remoteInfo = FizzBuzz;
		};
/* End PBXContainerItemProxy section */

/* Begin PBXFileReference section */
		9279C1EB28EF063300C0A266 /* FizzBuzz.app */ = {isa = PBXFileReference; explicitFileType = wrapper.application; includeInIndex = 0; path = FizzBuzz.app; sourceTree = BUILT_PRODUCTS_DIR; };
		9279C1EE28EF063300C0A266 /* AppDelegate.swift */ = {isa = PBXFileReference; lastKnownFileType = sourcecode.swift; path = AppDelegate.swift; sourceTree = "<group>"; };
		9279C1F028EF063300C0A266 /* SceneDelegate.swift */ = {isa = PBXFileReference; lastKnownFileType = sourcecode.swift; path = SceneDelegate.swift; sourceTree = "<group>"; };
		9279C1F228EF063300C0A266 /* ViewController.swift */ = {isa = PBXFileReference; lastKnownFileType = sourcecode.swift; path = ViewController.swift; sourceTree = "<group>"; };
		9279C1F528EF063300C0A266 /* Base */ = {isa = PBXFileReference; lastKnownFileType = file.storyboard; name = Base; path = Base.lproj/Main.storyboard; sourceTree = "<group>"; };
		9279C1F828EF063300C0A266 /* FizzBuzz.xcdatamodel */ = {isa = PBXFileReference; lastKnownFileType = wrapper.xcdatamodel; path = FizzBuzz.xcdatamodel; sourceTree = "<group>"; };
		9279C1FA28EF063400C0A266 /* Assets.xcassets */ = {isa = PBXFileReference; lastKnownFileType = folder.assetcatalog; path = Assets.xcassets; sourceTree = "<group>"; };
		9279C1FD28EF063400C0A266 /* Base */ = {isa = PBXFileReference; lastKnownFileType = file.storyboard; name = Base; path = Base.lproj/LaunchScreen.storyboard; sourceTree = "<group>"; };
		9279C1FF28EF063400C0A266 /* Info.plist */ = {isa = PBXFileReference; lastKnownFileType = text.plist.xml; path = Info.plist; sourceTree = "<group>"; };
		9279C20428EF063400C0A266 /* FizzBuzzTests.xctest */ = {isa = PBXFileReference; explicitFileType = wrapper.cfbundle; includeInIndex = 0; path = FizzBuzzTests.xctest; sourceTree = BUILT_PRODUCTS_DIR; };
		9279C20828EF063400C0A266 /* FizzBuzzTests.swift */ = {isa = PBXFileReference; lastKnownFileType = sourcecode.swift; path = FizzBuzzTests.swift; sourceTree = "<group>"; };
		9279C20E28EF063400C0A266 /* FizzBuzzUITests.xctest */ = {isa = PBXFileReference; explicitFileType = wrapper.cfbundle; includeInIndex = 0; path = FizzBuzzUITests.xctest; sourceTree = BUILT_PRODUCTS_DIR; };
		9279C21228EF063400C0A266 /* FizzBuzzUITests.swift */ = {isa = PBXFileReference; lastKnownFileType = sourcecode.swift; path = FizzBuzzUITests.swift; sourceTree = "<group>"; };
		9279C21428EF063400C0A266 /* FizzBuzzUITestsLaunchTests.swift */ = {isa = PBXFileReference; lastKnownFileType = sourcecode.swift; path = FizzBuzzUITestsLaunchTests.swift; sourceTree = "<group>"; };
/* End PBXFileReference section */

/* Begin PBXFrameworksBuildPhase section */
		9279C1E828EF063300C0A266 /* Frameworks */ = {
			isa = PBXFrameworksBuildPhase;
			buildActionMask = 2147483647;
			files = (
			);
			runOnlyForDeploymentPostprocessing = 0;
		};
		9279C20128EF063400C0A266 /* Frameworks */ = {
			isa = PBXFrameworksBuildPhase;
			buildActionMask = 2147483647;
			files = (
			);
			runOnlyForDeploymentPostprocessing = 0;
		};
		9279C20B28EF063400C0A266 /* Frameworks */ = {
			isa = PBXFrameworksBuildPhase;
			buildActionMask = 2147483647;
			files = (
			);
			runOnlyForDeploymentPostprocessing = 0;
		};
/* End PBXFrameworksBuildPhase section */

/* Begin PBXGroup section */
		9279C1E228EF063300C0A266 = {
			isa = PBXGroup;
			children = (
				9279C1ED28EF063300C0A266 /* FizzBuzz */,
				9279C20728EF063400C0A266 /* FizzBuzzTests */,
				9279C21128EF063400C0A266 /* FizzBuzzUITests */,
				9279C1EC28EF063300C0A266 /* Products */,
			);
			sourceTree = "<group>";
		};
		9279C1EC28EF063300C0A266 /* Products */ = {
			isa = PBXGroup;
			children = (
				9279C1EB28EF063300C0A266 /* FizzBuzz.app */,
				9279C20428EF063400C0A266 /* FizzBuzzTests.xctest */,
				9279C20E28EF063400C0A266 /* FizzBuzzUITests.xctest */,
			);
			name = Products;
			sourceTree = "<group>";
		};
		9279C1ED28EF063300C0A266 /* FizzBuzz */ = {
			isa = PBXGroup;
			children = (
				9279C1F228EF063300C0A266 /* ViewController.swift */,
				9279C1F028EF063300C0A266 /* SceneDelegate.swift */,
				9279C1EE28EF063300C0A266 /* AppDelegate.swift */,
				9279C1FA28EF063400C0A266 /* Assets.xcassets */,
				9279C1F428EF063300C0A266 /* Main.storyboard */,
				9279C1FC28EF063400C0A266 /* LaunchScreen.storyboard */,
				9279C1FF28EF063400C0A266 /* Info.plist */,
				9279C1F728EF063300C0A266 /* FizzBuzz.xcdatamodeld */,
			);
			path = FizzBuzz;
			sourceTree = "<group>";
		};
		9279C20728EF063400C0A266 /* FizzBuzzTests */ = {
			isa = PBXGroup;
			children = (
				9279C20828EF063400C0A266 /* FizzBuzzTests.swift */,
			);
			path = FizzBuzzTests;
			sourceTree = "<group>";
		};
		9279C21128EF063400C0A266 /* FizzBuzzUITests */ = {
			isa = PBXGroup;
			children = (
				9279C21228EF063400C0A266 /* FizzBuzzUITests.swift */,
				9279C21428EF063400C0A266 /* FizzBuzzUITestsLaunchTests.swift */,
			);
			path = FizzBuzzUITests;
			sourceTree = "<group>";
		};
/* End PBXGroup section */

/* Begin PBXNativeTarget section */
		9279C1EA28EF063300C0A266 /* FizzBuzz */ = {
			isa = PBXNativeTarget;
			buildConfigurationList = 9279C21828EF063400C0A266 /* Build configuration list for PBXNativeTarget "FizzBuzz" */;
			buildPhases = (
				9279C1E728EF063300C0A266 /* Sources */,
				9279C1E828EF063300C0A266 /* Frameworks */,
				9279C1E928EF063300C0A266 /* Resources */,
			);
			buildRules = (
			);
			dependencies = (
			);
			name = FizzBuzz;
			productName = FizzBuzz;
			productReference = 9279C1EB28EF063300C0A266 /* FizzBuzz.app */;
			productType = "com.apple.product-type.application";
		};
		9279C20328EF063400C0A266 /* FizzBuzzTests */ = {
			isa = PBXNativeTarget;
			buildConfigurationList = 9279C21B28EF063400C0A266 /* Build configuration list for PBXNativeTarget "FizzBuzzTests" */;
			buildPhases = (
				9279C20028EF063400C0A266 /* Sources */,
				9279C20128EF063400C0A266 /* Frameworks */,
				9279C20228EF063400C0A266 /* Resources */,
			);
			buildRules = (
			);
			dependencies = (
				9279C20628EF063400C0A266 /* PBXTargetDependency */,
			);
			name = FizzBuzzTests;
			productName = FizzBuzzTests;
			productReference = 9279C20428EF063400C0A266 /* FizzBuzzTests.xctest */;
			productType = "com.apple.product-type.bundle.unit-test";
		};
		9279C20D28EF063400C0A266 /* FizzBuzzUITests */ = {
			isa = PBXNativeTarget;
			buildConfigurationList = 9279C21E28EF063400C0A266 /* Build configuration list for PBXNativeTarget "FizzBuzzUITests" */;
			buildPhases = (
				9279C20A28EF063400C0A266 /* Sources */,
				9279C20B28EF063400C0A266 /* Frameworks */,
				9279C20C28EF063400C0A266 /* Resources */,
			);
			buildRules = (
			);
			dependencies = (
				9279C21028EF063400C0A266 /* PBXTargetDependency */,
			);
			name = FizzBuzzUITests;
			productName = FizzBuzzUITests;
			productReference = 9279C20E28EF063400C0A266 /* FizzBuzzUITests.xctest */;
			productType = "com.apple.product-type.bundle.ui-testing";
		};
/* End PBXNativeTarget section */

/* Begin PBXProject section */
		9279C1E328EF063300C0A266 /* Project object */ = {
			isa = PBXProject;
			attributes = {
				BuildIndependentTargetsInParallel = 1;
				LastSwiftUpdateCheck = 1330;
				LastUpgradeCheck = 1330;
				TargetAttributes = {
					9279C1EA28EF063300C0A266 = {
						CreatedOnToolsVersion = 13.3.1;
					};
					9279C20328EF063400C0A266 = {
						CreatedOnToolsVersion = 13.3.1;
						TestTargetID = 9279C1EA28EF063300C0A266;
					};
					9279C20D28EF063400C0A266 = {
						CreatedOnToolsVersion = 13.3.1;
						TestTargetID = 9279C1EA28EF063300C0A266;
					};
				};
			};
			buildConfigurationList = 9279C1E628EF063300C0A266 /* Build configuration list for PBXProject "FizzBuzz" */;
			compatibilityVersion = "Xcode 13.0";
			developmentRegion = en;
			hasScannedForEncodings = 0;
			knownRegions = (
				en,
				Base,
			);
			mainGroup = 9279C1E228EF063300C0A266;
			productRefGroup = 9279C1EC28EF063300C0A266 /* Products */;
			projectDirPath = "";
			projectRoot = "";
			targets = (
				9279C1EA28EF063300C0A266 /* FizzBuzz */,
				9279C20328EF063400C0A266 /* FizzBuzzTests */,
				9279C20D28EF063400C0A266 /* FizzBuzzUITests */,
			);
		};
/* End PBXProject section */

/* Begin PBXResourcesBuildPhase section */
		9279C1E928EF063300C0A266 /* Resources */ = {
			isa = PBXResourcesBuildPhase;
			buildActionMask = 2147483647;
			files = (
				9279C1FE28EF063400C0A266 /* LaunchScreen.storyboard in Resources */,
				9279C1FB28EF063400C0A266 /* Assets.xcassets in Resources */,
				9279C1F628EF063300C0A266 /* Main.storyboard in Resources */,
			);
			runOnlyForDeploymentPostprocessing = 0;
		};
		9279C20228EF063400C0A266 /* Resources */ = {
			isa = PBXResourcesBuildPhase;
			buildActionMask = 2147483647;
			files = (
			);
			runOnlyForDeploymentPostprocessing = 0;
		};
		9279C20C28EF063400C0A266 /* Resources */ = {
			isa = PBXResourcesBuildPhase;
			buildActionMask = 2147483647;
			files = (
			);
			runOnlyForDeploymentPostprocessing = 0;
		};
/* End PBXResourcesBuildPhase section */

/* Begin PBXSourcesBuildPhase section */
		9279C1E728EF063300C0A266 /* Sources */ = {
			isa = PBXSourcesBuildPhase;
			buildActionMask = 2147483647;
			files = (
				9279C1F328EF063300C0A266 /* ViewController.swift in Sources */,
				9279C1EF28EF063300C0A266 /* AppDelegate.swift in Sources */,
				9279C1F128EF063300C0A266 /* SceneDelegate.swift in Sources */,
				9279C1F928EF063300C0A266 /* FizzBuzz.xcdatamodeld in Sources */,
			);
			runOnlyForDeploymentPostprocessing = 0;
		};
		9279C20028EF063400C0A266 /* Sources */ = {
			isa = PBXSourcesBuildPhase;
			buildActionMask = 2147483647;
			files = (
				9279C20928EF063400C0A266 /* FizzBuzzTests.swift in Sources */,
			);
			runOnlyForDeploymentPostprocessing = 0;
		};
		9279C20A28EF063400C0A266 /* Sources */ = {
			isa = PBXSourcesBuildPhase;
			buildActionMask = 2147483647;
			files = (
				9279C21528EF063400C0A266 /* FizzBuzzUITestsLaunchTests.swift in Sources */,
				9279C21328EF063400C0A266 /* FizzBuzzUITests.swift in Sources */,
			);
			runOnlyForDeploymentPostprocessing = 0;
		};
/* End PBXSourcesBuildPhase section */

/* Begin PBXTargetDependency section */
		9279C20628EF063400C0A266 /* PBXTargetDependency */ = {
			isa = PBXTargetDependency;
			target = 9279C1EA28EF063300C0A266 /* FizzBuzz */;
			targetProxy = 9279C20528EF063400C0A266 /* PBXContainerItemProxy */;
		};
		9279C21028EF063400C0A266 /* PBXTargetDependency */ = {
			isa = PBXTargetDependency;
			target = 9279C1EA28EF063300C0A266 /* FizzBuzz */;
			targetProxy = 9279C20F28EF063400C0A266 /* PBXContainerItemProxy */;
		};
/* End PBXTargetDependency section */

/* Begin PBXVariantGroup section */
		9279C1F428EF063300C0A266 /* Main.storyboard */ = {
			isa = PBXVariantGroup;
			children = (
				9279C1F528EF063300C0A266 /* Base */,
			);
			name = Main.storyboard;
			sourceTree = "<group>";
		};
		9279C1FC28EF063400C0A266 /* LaunchScreen.storyboard */ = {
			isa = PBXVariantGroup;
			children = (
				9279C1FD28EF063400C0A266 /* Base */,
			);
			name = LaunchScreen.storyboard;
			sourceTree = "<group>";
		};
/* End PBXVariantGroup section */

/* Begin XCBuildConfiguration section */
		9279C21628EF063400C0A266 /* Debug */ = {
			isa = XCBuildConfiguration;
			buildSettings = {
				ALWAYS_SEARCH_USER_PATHS = NO;
				CLANG_ANALYZER_NONNULL = YES;
				CLANG_ANALYZER_NUMBER_OBJECT_CONVERSION = YES_AGGRESSIVE;
				CLANG_CXX_LANGUAGE_STANDARD = "gnu++17";
				CLANG_ENABLE_MODULES = YES;
				CLANG_ENABLE_OBJC_ARC = YES;
				CLANG_ENABLE_OBJC_WEAK = YES;
				CLANG_WARN_BLOCK_CAPTURE_AUTORELEASING = YES;
				CLANG_WARN_BOOL_CONVERSION = YES;
				CLANG_WARN_COMMA = YES;
				CLANG_WARN_CONSTANT_CONVERSION = YES;
				CLANG_WARN_DEPRECATED_OBJC_IMPLEMENTATIONS = YES;
				CLANG_WARN_DIRECT_OBJC_ISA_USAGE = YES_ERROR;
				CLANG_WARN_DOCUMENTATION_COMMENTS = YES;
				CLANG_WARN_EMPTY_BODY = YES;
				CLANG_WARN_ENUM_CONVERSION = YES;
				CLANG_WARN_INFINITE_RECURSION = YES;
				CLANG_WARN_INT_CONVERSION = YES;
				CLANG_WARN_NON_LITERAL_NULL_CONVERSION = YES;
				CLANG_WARN_OBJC_IMPLICIT_RETAIN_SELF = YES;
				CLANG_WARN_OBJC_LITERAL_CONVERSION = YES;
				CLANG_WARN_OBJC_ROOT_CLASS = YES_ERROR;
				CLANG_WARN_QUOTED_INCLUDE_IN_FRAMEWORK_HEADER = YES;
				CLANG_WARN_RANGE_LOOP_ANALYSIS = YES;
				CLANG_WARN_STRICT_PROTOTYPES = YES;
				CLANG_WARN_SUSPICIOUS_MOVE = YES;
				CLANG_WARN_UNGUARDED_AVAILABILITY = YES_AGGRESSIVE;
				CLANG_WARN_UNREACHABLE_CODE = YES;
				CLANG_WARN__DUPLICATE_METHOD_MATCH = YES;
				COPY_PHASE_STRIP = NO;
				DEBUG_INFORMATION_FORMAT = dwarf;
				ENABLE_STRICT_OBJC_MSGSEND = YES;
				ENABLE_TESTABILITY = YES;
				GCC_C_LANGUAGE_STANDARD = gnu11;
				GCC_DYNAMIC_NO_PIC = NO;
				GCC_NO_COMMON_BLOCKS = YES;
				GCC_OPTIMIZATION_LEVEL = 0;
				GCC_PREPROCESSOR_DEFINITIONS = (
					"DEBUG=1",
					"$(inherited)",
				);
				GCC_WARN_64_TO_32_BIT_CONVERSION = YES;
				GCC_WARN_ABOUT_RETURN_TYPE = YES_ERROR;
				GCC_WARN_UNDECLARED_SELECTOR = YES;
				GCC_WARN_UNINITIALIZED_AUTOS = YES_AGGRESSIVE;
				GCC_WARN_UNUSED_FUNCTION = YES;
				GCC_WARN_UNUSED_VARIABLE = YES;
				IPHONEOS_DEPLOYMENT_TARGET = 15.4;
				MTL_ENABLE_DEBUG_INFO = INCLUDE_SOURCE;
				MTL_FAST_MATH = YES;
				ONLY_ACTIVE_ARCH = YES;
				SDKROOT = iphoneos;
				SWIFT_ACTIVE_COMPILATION_CONDITIONS = DEBUG;
				SWIFT_OPTIMIZATION_LEVEL = "-Onone";
			};
			name = Debug;
		};
		9279C21728EF063400C0A266 /* Release */ = {
			isa = XCBuildConfiguration;
			buildSettings = {
				ALWAYS_SEARCH_USER_PATHS = NO;
				CLANG_ANALYZER_NONNULL = YES;
				CLANG_ANALYZER_NUMBER_OBJECT_CONVERSION = YES_AGGRESSIVE;
				CLANG_CXX_LANGUAGE_STANDARD = "gnu++17";
				CLANG_ENABLE_MODULES = YES;
				CLANG_ENABLE_OBJC_ARC = YES;
				CLANG_ENABLE_OBJC_WEAK = YES;
				CLANG_WARN_BLOCK_CAPTURE_AUTORELEASING = YES;
				CLANG_WARN_BOOL_CONVERSION = YES;
				CLANG_WARN_COMMA = YES;
				CLANG_WARN_CONSTANT_CONVERSION = YES;
				CLANG_WARN_DEPRECATED_OBJC_IMPLEMENTATIONS = YES;
				CLANG_WARN_DIRECT_OBJC_ISA_USAGE = YES_ERROR;
				CLANG_WARN_DOCUMENTATION_COMMENTS = YES;
				CLANG_WARN_EMPTY_BODY = YES;
				CLANG_WARN_ENUM_CONVERSION = YES;
				CLANG_WARN_INFINITE_RECURSION = YES;
				CLANG_WARN_INT_CONVERSION = YES;
				CLANG_WARN_NON_LITERAL_NULL_CONVERSION = YES;
				CLANG_WARN_OBJC_IMPLICIT_RETAIN_SELF = YES;
				CLANG_WARN_OBJC_LITERAL_CONVERSION = YES;
				CLANG_WARN_OBJC_ROOT_CLASS = YES_ERROR;
				CLANG_WARN_QUOTED_INCLUDE_IN_FRAMEWORK_HEADER = YES;
				CLANG_WARN_RANGE_LOOP_ANALYSIS = YES;
				CLANG_WARN_STRICT_PROTOTYPES = YES;
				CLANG_WARN_SUSPICIOUS_MOVE = YES;
				CLANG_WARN_UNGUARDED_AVAILABILITY = YES_AGGRESSIVE;
				CLANG_WARN_UNREACHABLE_CODE = YES;
				CLANG_WARN__DUPLICATE_METHOD_MATCH = YES;
				COPY_PHASE_STRIP = NO;
				DEBUG_INFORMATION_FORMAT = "dwarf-with-dsym";
				ENABLE_NS_ASSERTIONS = NO;
				ENABLE_STRICT_OBJC_MSGSEND = YES;
				GCC_C_LANGUAGE_STANDARD = gnu11;
				GCC_NO_COMMON_BLOCKS = YES;
				GCC_WARN_64_TO_32_BIT_CONVERSION = YES;
				GCC_WARN_ABOUT_RETURN_TYPE = YES_ERROR;
				GCC_WARN_UNDECLARED_SELECTOR = YES;
				GCC_WARN_UNINITIALIZED_AUTOS = YES_AGGRESSIVE;
				GCC_WARN_UNUSED_FUNCTION = YES;
				GCC_WARN_UNUSED_VARIABLE = YES;
				IPHONEOS_DEPLOYMENT_TARGET = 15.4;
				MTL_ENABLE_DEBUG_INFO = NO;
				MTL_FAST_MATH = YES;
				SDKROOT = iphoneos;
				SWIFT_COMPILATION_MODE = wholemodule;
				SWIFT_OPTIMIZATION_LEVEL = "-O";
				VALIDATE_PRODUCT = YES;
			};
			name = Release;
		};
		9279C21928EF063400C0A266 /* Debug */ = {
			isa = XCBuildConfiguration;
			buildSettings = {
				ASSETCATALOG_COMPILER_APPICON_NAME = AppIcon;
				ASSETCATALOG_COMPILER_GLOBAL_ACCENT_COLOR_NAME = AccentColor;
				CODE_SIGN_STYLE = Automatic;
				CURRENT_PROJECT_VERSION = 1;
				DEVELOPMENT_TEAM = "";
				GENERATE_INFOPLIST_FILE = YES;
				INFOPLIST_FILE = FizzBuzz/Info.plist;
				INFOPLIST_KEY_UIApplicationSupportsIndirectInputEvents = YES;
				INFOPLIST_KEY_UILaunchStoryboardName = LaunchScreen;
				INFOPLIST_KEY_UIMainStoryboardFile = Main;
				INFOPLIST_KEY_UISupportedInterfaceOrientations_iPad = "UIInterfaceOrientationPortrait UIInterfaceOrientationPortraitUpsideDown UIInterfaceOrientationLandscapeLeft UIInterfaceOrientationLandscapeRight";
				INFOPLIST_KEY_UISupportedInterfaceOrientations_iPhone = "UIInterfaceOrientationPortrait UIInterfaceOrientationLandscapeLeft UIInterfaceOrientationLandscapeRight";
				LD_RUNPATH_SEARCH_PATHS = (
					"$(inherited)",
					"@executable_path/Frameworks",
				);
				MARKETING_VERSION = 1.0;
				PRODUCT_BUNDLE_IDENTIFIER = com.example.FizzBuzz;
				PRODUCT_NAME = "$(TARGET_NAME)";
				SWIFT_EMIT_LOC_STRINGS = YES;
				SWIFT_VERSION = 5.0;
				TARGETED_DEVICE_FAMILY = "1,2";
			};
			name = Debug;
		};
		9279C21A28EF063400C0A266 /* Release */ = {
			isa = XCBuildConfiguration;
			buildSettings = {
				ASSETCATALOG_COMPILER_APPICON_NAME = AppIcon;
				ASSETCATALOG_COMPILER_GLOBAL_ACCENT_COLOR_NAME = AccentColor;
				CODE_SIGN_STYLE = Automatic;
				CURRENT_PROJECT_VERSION = 1;
				DEVELOPMENT_TEAM = "";
				GENERATE_INFOPLIST_FILE = YES;
				INFOPLIST_FILE = FizzBuzz/Info.plist;
				INFOPLIST_KEY_UIApplicationSupportsIndirectInputEvents = YES;
				INFOPLIST_KEY_UILaunchStoryboardName = LaunchScreen;
				INFOPLIST_KEY_UIMainStoryboardFile = Main;
				INFOPLIST_KEY_UISupportedInterfaceOrientations_iPad = "UIInterfaceOrientationPortrait UIInterfaceOrientationPortraitUpsideDown UIInterfaceOrientationLandscapeLeft UIInterfaceOrientationLandscapeRight";
				INFOPLIST_KEY_UISupportedInterfaceOrientations_iPhone = "UIInterfaceOrientationPortrait UIInterfaceOrientationLandscapeLeft UIInterfaceOrientationLandscapeRight";
				LD_RUNPATH_SEARCH_PATHS = (
					"$(inherited)",
					"@executable_path/Frameworks",
				);
				MARKETING_VERSION = 1.0;
				PRODUCT_BUNDLE_IDENTIFIER = com.example.FizzBuzz;
				PRODUCT_NAME = "$(TARGET_NAME)";
				SWIFT_EMIT_LOC_STRINGS = YES;
				SWIFT_VERSION = 5.0;
				TARGETED_DEVICE_FAMILY = "1,2";
			};
			name = Release;
		};
		9279C21C28EF063400C0A266 /* Debug */ = {
			isa = XCBuildConfiguration;
			buildSettings = {
				ALWAYS_EMBED_SWIFT_STANDARD_LIBRARIES = YES;
				BUNDLE_LOADER = "$(TEST_HOST)";
				CODE_SIGN_STYLE = Automatic;
				CURRENT_PROJECT_VERSION = 1;
				DEVELOPMENT_TEAM = BWL68L4987;
				GENERATE_INFOPLIST_FILE = YES;
				IPHONEOS_DEPLOYMENT_TARGET = 15.4;
				MARKETING_VERSION = 1.0;
				PRODUCT_BUNDLE_IDENTIFIER = com.example.FizzBuzzTests;
				PRODUCT_NAME = "$(TARGET_NAME)";
				SWIFT_EMIT_LOC_STRINGS = NO;
				SWIFT_VERSION = 5.0;
				TARGETED_DEVICE_FAMILY = "1,2";
				TEST_HOST = "$(BUILT_PRODUCTS_DIR)/FizzBuzz.app/FizzBuzz";
			};
			name = Debug;
		};
		9279C21D28EF063400C0A266 /* Release */ = {
			isa = XCBuildConfiguration;
			buildSettings = {
				ALWAYS_EMBED_SWIFT_STANDARD_LIBRARIES = YES;
				BUNDLE_LOADER = "$(TEST_HOST)";
				CODE_SIGN_STYLE = Automatic;
				CURRENT_PROJECT_VERSION = 1;
				DEVELOPMENT_TEAM = BWL68L4987;
				GENERATE_INFOPLIST_FILE = YES;
				IPHONEOS_DEPLOYMENT_TARGET = 15.4;
				MARKETING_VERSION = 1.0;
				PRODUCT_BUNDLE_IDENTIFIER = com.example.FizzBuzzTests;
				PRODUCT_NAME = "$(TARGET_NAME)";
				SWIFT_EMIT_LOC_STRINGS = NO;
				SWIFT_VERSION = 5.0;
				TARGETED_DEVICE_FAMILY = "1,2";
				TEST_HOST = "$(BUILT_PRODUCTS_DIR)/FizzBuzz.app/FizzBuzz";
			};
			name = Release;
		};
		9279C21F28EF063400C0A266 /* Debug */ = {
			isa = XCBuildConfiguration;
			buildSettings = {
				ALWAYS_EMBED_SWIFT_STANDARD_LIBRARIES = YES;
				CODE_SIGN_STYLE = Automatic;
				CURRENT_PROJECT_VERSION = 1;
				DEVELOPMENT_TEAM = BWL68L4987;
				GENERATE_INFOPLIST_FILE = YES;
				MARKETING_VERSION = 1.0;
				PRODUCT_BUNDLE_IDENTIFIER = com.example.FizzBuzzUITests;
				PRODUCT_NAME = "$(TARGET_NAME)";
				SWIFT_EMIT_LOC_STRINGS = NO;
				SWIFT_VERSION = 5.0;
				TARGETED_DEVICE_FAMILY = "1,2";
				TEST_TARGET_NAME = FizzBuzz;
			};
			name = Debug;
		};
		9279C22028EF063400C0A266 /* Release */ = {
			isa = XCBuildConfiguration;
			buildSettings = {
				ALWAYS_EMBED_SWIFT_STANDARD_LIBRARIES = YES;
				CODE_SIGN_STYLE = Automatic;
				CURRENT_PROJECT_VERSION = 1;
				DEVELOPMENT_TEAM = BWL68L4987;
				GENERATE_INFOPLIST_FILE = YES;
				MARKETING_VERSION = 1.0;
				PRODUCT_BUNDLE_IDENTIFIER = com.example.FizzBuzzUITests;
				PRODUCT_NAME = "$(TARGET_NAME)";
				SWIFT_EMIT_LOC_STRINGS = NO;
				SWIFT_VERSION = 5.0;
				TARGETED_DEVICE_FAMILY = "1,2";
				TEST_TARGET_NAME = FizzBuzz;
			};
			name = Release;
		};
/* End XCBuildConfiguration section */

/* Begin XCConfigurationList section */
		9279C1E628EF063300C0A266 /* Build configuration list for PBXProject "FizzBuzz" */ = {
			isa = XCConfigurationList;
			buildConfigurations = (
				9279C21628EF063400C0A266 /* Debug */,
				9279C21728EF063400C0A266 /* Release */,
			);
			defaultConfigurationIsVisible = 0;
			defaultConfigurationName = Release;
		};
		9279C21828EF063400C0A266 /* Build configuration list for PBXNativeTarget "FizzBuzz" */ = {
			isa = XCConfigurationList;
			buildConfigurations = (
				9279C21928EF063400C0A266 /* Debug */,
				9279C21A28EF063400C0A266 /* Release */,
			);
			defaultConfigurationIsVisible = 0;
			defaultConfigurationName = Release;
		};
		9279C21B28EF063400C0A266 /* Build configuration list for PBXNativeTarget "FizzBuzzTests" */ = {
			isa = XCConfigurationList;
			buildConfigurations = (
				9279C21C28EF063400C0A266 /* Debug */,
				9279C21D28EF063400C0A266 /* Release */,
			);
			defaultConfigurationIsVisible = 0;
			defaultConfigurationName = Release;
		};
		9279C21E28EF063400C0A266 /* Build configuration list for PBXNativeTarget "FizzBuzzUITests" */ = {
			isa = XCConfigurationList;
			buildConfigurations = (
				9279C21F28EF063400C0A266 /* Debug */,
				9279C22028EF063400C0A266 /* Release */,
			);
			defaultConfigurationIsVisible = 0;
			defaultConfigurationName = Release;
		};
/* End XCConfigurationList section */

/* Begin XCVersionGroup section */
		9279C1F728EF063300C0A266 /* FizzBuzz.xcdatamodeld */ = {
			isa = XCVersionGroup;
			children = (
				9279C1F828EF063300C0A266 /* FizzBuzz.xcdatamodel */,
			);
			currentVersion = 9279C1F828EF063300C0A266 /* FizzBuzz.xcdatamodel */;
			path = FizzBuzz.xcdatamodeld;
			sourceTree = "<group>";
			versionGroupType = wrapper.xcdatamodel;
		};
/* End XCVersionGroup section */
	};
	rootObject = 9279C1E328EF063300C0A266 /* Project object */;
}
